
Microsoft Visual Studio Solution File, Format Version 12.00
# Visual Studio Version 16
VisualStudioVersion = 16.0.29806.167
MinimumVisualStudioVersion = 10.0.40219.1
Project("{FAE04EC0-301F-11D3-BF4B-00C04F79EFBC}") = "IMSCovidTracker.Android", "IMSCovidTracker.Android\IMSCovidTracker.Android.csproj", "{B93E356C-5F73-46EE-93E6-603932C4C826}"
EndProject
Project("{FAE04EC0-301F-11D3-BF4B-00C04F79EFBC}") = "IMSCovidTracker.iOS", "IMSCovidTracker.iOS\IMSCovidTracker.iOS.csproj", "{4F3F8C48-B09D-48F2-82D7-912302F9C542}"
EndProject
Project("{9A19103F-16F7-4668-BE54-9A1E7A4F7556}") = "IMSCovidTracker", "IMSCovidTracker\IMSCovidTracker.csproj", "{2947A45D-39D3-4C9C-8228-BB14006D4DB2}"
EndProject
Project("{2150E333-8FDC-42A3-9474-1A3956D46DE8}") = "Solution Items", "Solution Items", "{04E75593-BB47-4E8A-90B9-A29AFEC00028}"
	ProjectSection(SolutionItems) = preProject
		.gitignore = .gitignore
		README.md = README.md
	EndProjectSection
EndProject
Project("{FAE04EC0-301F-11D3-BF4B-00C04F79EFBC}") = "IMSCovidTracker.WPF", "IMSCovidTracker.WPF\IMSCovidTracker.WPF.csproj", "{B9E21BA4-821B-4EF9-9F9C-669C945F0D99}"
EndProject
Project("{FAE04EC0-301F-11D3-BF4B-00C04F79EFBC}") = "IMSCovidTracker.UWP", "IMSCovidTracker.UWP\IMSCovidTracker.UWP.csproj", "{A85841E0-023F-4F08-8898-BEDE390A88DF}"
EndProject
Global
	GlobalSection(SolutionConfigurationPlatforms) = preSolution
		Debug|Any CPU = Debug|Any CPU
		Debug|ARM = Debug|ARM
		Debug|ARM64 = Debug|ARM64
		Debug|iPhone = Debug|iPhone
		Debug|iPhoneSimulator = Debug|iPhoneSimulator
		Debug|x64 = Debug|x64
		Debug|x86 = Debug|x86
		Release|Any CPU = Release|Any CPU
		Release|ARM = Release|ARM
		Release|ARM64 = Release|ARM64
		Release|iPhone = Release|iPhone
		Release|iPhoneSimulator = Release|iPhoneSimulator
		Release|x64 = Release|x64
		Release|x86 = Release|x86
	EndGlobalSection
	GlobalSection(ProjectConfigurationPlatforms) = postSolution
		{B93E356C-5F73-46EE-93E6-603932C4C826}.Debug|Any CPU.ActiveCfg = Debug|Any CPU
		{B93E356C-5F73-46EE-93E6-603932C4C826}.Debug|Any CPU.Build.0 = Debug|Any CPU
		{B93E356C-5F73-46EE-93E6-603932C4C826}.Debug|Any CPU.Deploy.0 = Debug|Any CPU
		{B93E356C-5F73-46EE-93E6-603932C4C826}.Debug|ARM.ActiveCfg = Debug|Any CPU
		{B93E356C-5F73-46EE-93E6-603932C4C826}.Debug|ARM.Build.0 = Debug|Any CPU
		{B93E356C-5F73-46EE-93E6-603932C4C826}.Debug|ARM.Deploy.0 = Debug|Any CPU
		{B93E356C-5F73-46EE-93E6-603932C4C826}.Debug|ARM64.ActiveCfg = Debug|Any CPU
		{B93E356C-5F73-46EE-93E6-603932C4C826}.Debug|ARM64.Build.0 = Debug|Any CPU
		{B93E356C-5F73-46EE-93E6-603932C4C826}.Debug|ARM64.Deploy.0 = Debug|Any CPU
		{B93E356C-5F73-46EE-93E6-603932C4C826}.Debug|iPhone.ActiveCfg = Debug|Any CPU
		{B93E356C-5F73-46EE-93E6-603932C4C826}.Debug|iPhone.Build.0 = Debug|Any CPU
		{B93E356C-5F73-46EE-93E6-603932C4C826}.Debug|iPhone.Deploy.0 = Debug|Any CPU
		{B93E356C-5F73-46EE-93E6-603932C4C826}.Debug|iPhoneSimulator.ActiveCfg = Debug|Any CPU
		{B93E356C-5F73-46EE-93E6-603932C4C826}.Debug|iPhoneSimulator.Build.0 = Debug|Any CPU
		{B93E356C-5F73-46EE-93E6-603932C4C826}.Debug|iPhoneSimulator.Deploy.0 = Debug|Any CPU
		{B93E356C-5F73-46EE-93E6-603932C4C826}.Debug|x64.ActiveCfg = Debug|Any CPU
		{B93E356C-5F73-46EE-93E6-603932C4C826}.Debug|x64.Build.0 = Debug|Any CPU
		{B93E356C-5F73-46EE-93E6-603932C4C826}.Debug|x64.Deploy.0 = Debug|Any CPU
		{B93E356C-5F73-46EE-93E6-603932C4C826}.Debug|x86.ActiveCfg = Debug|Any CPU
		{B93E356C-5F73-46EE-93E6-603932C4C826}.Debug|x86.Build.0 = Debug|Any CPU
		{B93E356C-5F73-46EE-93E6-603932C4C826}.Debug|x86.Deploy.0 = Debug|Any CPU
		{B93E356C-5F73-46EE-93E6-603932C4C826}.Release|Any CPU.ActiveCfg = Release|Any CPU
		{B93E356C-5F73-46EE-93E6-603932C4C826}.Release|Any CPU.Build.0 = Release|Any CPU
		{B93E356C-5F73-46EE-93E6-603932C4C826}.Release|Any CPU.Deploy.0 = Release|Any CPU
		{B93E356C-5F73-46EE-93E6-603932C4C826}.Release|ARM.ActiveCfg = Release|Any CPU
		{B93E356C-5F73-46EE-93E6-603932C4C826}.Release|ARM.Build.0 = Release|Any CPU
		{B93E356C-5F73-46EE-93E6-603932C4C826}.Release|ARM.Deploy.0 = Release|Any CPU
		{B93E356C-5F73-46EE-93E6-603932C4C826}.Release|ARM64.ActiveCfg = Release|Any CPU
		{B93E356C-5F73-46EE-93E6-603932C4C826}.Release|ARM64.Build.0 = Release|Any CPU
		{B93E356C-5F73-46EE-93E6-603932C4C826}.Release|ARM64.Deploy.0 = Release|Any CPU
		{B93E356C-5F73-46EE-93E6-603932C4C826}.Release|iPhone.ActiveCfg = Release|Any CPU
		{B93E356C-5F73-46EE-93E6-603932C4C826}.Release|iPhone.Build.0 = Release|Any CPU
		{B93E356C-5F73-46EE-93E6-603932C4C826}.Release|iPhone.Deploy.0 = Release|Any CPU
		{B93E356C-5F73-46EE-93E6-603932C4C826}.Release|iPhoneSimulator.ActiveCfg = Release|Any CPU
		{B93E356C-5F73-46EE-93E6-603932C4C826}.Release|iPhoneSimulator.Build.0 = Release|Any CPU
		{B93E356C-5F73-46EE-93E6-603932C4C826}.Release|iPhoneSimulator.Deploy.0 = Release|Any CPU
		{B93E356C-5F73-46EE-93E6-603932C4C826}.Release|x64.ActiveCfg = Release|Any CPU
		{B93E356C-5F73-46EE-93E6-603932C4C826}.Release|x64.Build.0 = Release|Any CPU
		{B93E356C-5F73-46EE-93E6-603932C4C826}.Release|x64.Deploy.0 = Release|Any CPU
		{B93E356C-5F73-46EE-93E6-603932C4C826}.Release|x86.ActiveCfg = Release|Any CPU
		{B93E356C-5F73-46EE-93E6-603932C4C826}.Release|x86.Build.0 = Release|Any CPU
		{B93E356C-5F73-46EE-93E6-603932C4C826}.Release|x86.Deploy.0 = Release|Any CPU
		{4F3F8C48-B09D-48F2-82D7-912302F9C542}.Debug|Any CPU.ActiveCfg = Debug|iPhoneSimulator
		{4F3F8C48-B09D-48F2-82D7-912302F9C542}.Debug|Any CPU.Build.0 = Debug|iPhoneSimulator
		{4F3F8C48-B09D-48F2-82D7-912302F9C542}.Debug|Any CPU.Deploy.0 = Debug|iPhoneSimulator
		{4F3F8C48-B09D-48F2-82D7-912302F9C542}.Debug|ARM.ActiveCfg = Debug|iPhone
		{4F3F8C48-B09D-48F2-82D7-912302F9C542}.Debug|ARM64.ActiveCfg = Debug|iPhone
		{4F3F8C48-B09D-48F2-82D7-912302F9C542}.Debug|iPhone.ActiveCfg = Debug|iPhone
		{4F3F8C48-B09D-48F2-82D7-912302F9C542}.Debug|iPhone.Build.0 = Debug|iPhone
		{4F3F8C48-B09D-48F2-82D7-912302F9C542}.Debug|iPhone.Deploy.0 = Debug|iPhone
		{4F3F8C48-B09D-48F2-82D7-912302F9C542}.Debug|iPhoneSimulator.ActiveCfg = Debug|iPhoneSimulator
		{4F3F8C48-B09D-48F2-82D7-912302F9C542}.Debug|iPhoneSimulator.Build.0 = Debug|iPhoneSimulator
		{4F3F8C48-B09D-48F2-82D7-912302F9C542}.Debug|iPhoneSimulator.Deploy.0 = Debug|iPhoneSimulator
		{4F3F8C48-B09D-48F2-82D7-912302F9C542}.Debug|x64.ActiveCfg = Debug|iPhone
		{4F3F8C48-B09D-48F2-82D7-912302F9C542}.Debug|x86.ActiveCfg = Debug|iPhone
		{4F3F8C48-B09D-48F2-82D7-912302F9C542}.Release|Any CPU.ActiveCfg = Release|iPhone
		{4F3F8C48-B09D-48F2-82D7-912302F9C542}.Release|Any CPU.Build.0 = Release|iPhone
		{4F3F8C48-B09D-48F2-82D7-912302F9C542}.Release|Any CPU.Deploy.0 = Release|iPhone
		{4F3F8C48-B09D-48F2-82D7-912302F9C542}.Release|ARM.ActiveCfg = Release|iPhoneSimulator
		{4F3F8C48-B09D-48F2-82D7-912302F9C542}.Release|ARM64.ActiveCfg = Release|iPhoneSimulator
		{4F3F8C48-B09D-48F2-82D7-912302F9C542}.Release|iPhone.ActiveCfg = Release|iPhone
		{4F3F8C48-B09D-48F2-82D7-912302F9C542}.Release|iPhone.Build.0 = Release|iPhone
		{4F3F8C48-B09D-48F2-82D7-912302F9C542}.Release|iPhone.Deploy.0 = Release|iPhone
		{4F3F8C48-B09D-48F2-82D7-912302F9C542}.Release|iPhoneSimulator.ActiveCfg = Release|iPhoneSimulator
		{4F3F8C48-B09D-48F2-82D7-912302F9C542}.Release|iPhoneSimulator.Build.0 = Release|iPhoneSimulator
		{4F3F8C48-B09D-48F2-82D7-912302F9C542}.Release|iPhoneSimulator.Deploy.0 = Release|iPhoneSimulator
		{4F3F8C48-B09D-48F2-82D7-912302F9C542}.Release|x64.ActiveCfg = Release|iPhoneSimulator
		{4F3F8C48-B09D-48F2-82D7-912302F9C542}.Release|x86.ActiveCfg = Release|iPhoneSimulator
		{2947A45D-39D3-4C9C-8228-BB14006D4DB2}.Debug|Any CPU.ActiveCfg = Debug|Any CPU
		{2947A45D-39D3-4C9C-8228-BB14006D4DB2}.Debug|Any CPU.Build.0 = Debug|Any CPU
		{2947A45D-39D3-4C9C-8228-BB14006D4DB2}.Debug|Any CPU.Deploy.0 = Debug|Any CPU
		{2947A45D-39D3-4C9C-8228-BB14006D4DB2}.Debug|ARM.ActiveCfg = Debug|Any CPU
		{2947A45D-39D3-4C9C-8228-BB14006D4DB2}.Debug|ARM.Build.0 = Debug|Any CPU
		{2947A45D-39D3-4C9C-8228-BB14006D4DB2}.Debug|ARM64.ActiveCfg = Debug|Any CPU
		{2947A45D-39D3-4C9C-8228-BB14006D4DB2}.Debug|ARM64.Build.0 = Debug|Any CPU
		{2947A45D-39D3-4C9C-8228-BB14006D4DB2}.Debug|iPhone.ActiveCfg = Debug|Any CPU
		{2947A45D-39D3-4C9C-8228-BB14006D4DB2}.Debug|iPhone.Build.0 = Debug|Any CPU
		{2947A45D-39D3-4C9C-8228-BB14006D4DB2}.Debug|iPhone.Deploy.0 = Debug|Any CPU
		{2947A45D-39D3-4C9C-8228-BB14006D4DB2}.Debug|iPhoneSimulator.ActiveCfg = Debug|Any CPU
		{2947A45D-39D3-4C9C-8228-BB14006D4DB2}.Debug|iPhoneSimulator.Build.0 = Debug|Any CPU
		{2947A45D-39D3-4C9C-8228-BB14006D4DB2}.Debug|iPhoneSimulator.Deploy.0 = Debug|Any CPU
		{2947A45D-39D3-4C9C-8228-BB14006D4DB2}.Debug|x64.ActiveCfg = Debug|Any CPU
		{2947A45D-39D3-4C9C-8228-BB14006D4DB2}.Debug|x64.Build.0 = Debug|Any CPU
		{2947A45D-39D3-4C9C-8228-BB14006D4DB2}.Debug|x86.ActiveCfg = Debug|Any CPU
		{2947A45D-39D3-4C9C-8228-BB14006D4DB2}.Debug|x86.Build.0 = Debug|Any CPU
		{2947A45D-39D3-4C9C-8228-BB14006D4DB2}.Release|Any CPU.ActiveCfg = Release|Any CPU
		{2947A45D-39D3-4C9C-8228-BB14006D4DB2}.Release|Any CPU.Build.0 = Release|Any CPU
		{2947A45D-39D3-4C9C-8228-BB14006D4DB2}.Release|Any CPU.Deploy.0 = Release|Any CPU
		{2947A45D-39D3-4C9C-8228-BB14006D4DB2}.Release|ARM.ActiveCfg = Release|Any CPU
		{2947A45D-39D3-4C9C-8228-BB14006D4DB2}.Release|ARM.Build.0 = Release|Any CPU
		{2947A45D-39D3-4C9C-8228-BB14006D4DB2}.Release|ARM64.ActiveCfg = Release|Any CPU
		{2947A45D-39D3-4C9C-8228-BB14006D4DB2}.Release|ARM64.Build.0 = Release|Any CPU
		{2947A45D-39D3-4C9C-8228-BB14006D4DB2}.Release|iPhone.ActiveCfg = Release|Any CPU
		{2947A45D-39D3-4C9C-8228-BB14006D4DB2}.Release|iPhone.Build.0 = Release|Any CPU
		{2947A45D-39D3-4C9C-8228-BB14006D4DB2}.Release|iPhone.Deploy.0 = Release|Any CPU
		{2947A45D-39D3-4C9C-8228-BB14006D4DB2}.Release|iPhoneSimulator.ActiveCfg = Release|Any CPU
		{2947A45D-39D3-4C9C-8228-BB14006D4DB2}.Release|iPhoneSimulator.Build.0 = Release|Any CPU
		{2947A45D-39D3-4C9C-8228-BB14006D4DB2}.Release|iPhoneSimulator.Deploy.0 = Release|Any CPU
		{2947A45D-39D3-4C9C-8228-BB14006D4DB2}.Release|x64.ActiveCfg = Release|Any CPU
		{2947A45D-39D3-4C9C-8228-BB14006D4DB2}.Release|x64.Build.0 = Release|Any CPU
		{2947A45D-39D3-4C9C-8228-BB14006D4DB2}.Release|x86.ActiveCfg = Release|Any CPU
		{2947A45D-39D3-4C9C-8228-BB14006D4DB2}.Release|x86.Build.0 = Release|Any CPU
		{B9E21BA4-821B-4EF9-9F9C-669C945F0D99}.Debug|Any CPU.ActiveCfg = Debug|Any CPU
		{B9E21BA4-821B-4EF9-9F9C-669C945F0D99}.Debug|Any CPU.Build.0 = Debug|Any CPU
		{B9E21BA4-821B-4EF9-9F9C-669C945F0D99}.Debug|ARM.ActiveCfg = Debug|Any CPU
		{B9E21BA4-821B-4EF9-9F9C-669C945F0D99}.Debug|ARM.Build.0 = Debug|Any CPU
		{B9E21BA4-821B-4EF9-9F9C-669C945F0D99}.Debug|ARM64.ActiveCfg = Debug|Any CPU
		{B9E21BA4-821B-4EF9-9F9C-669C945F0D99}.Debug|ARM64.Build.0 = Debug|Any CPU
		{B9E21BA4-821B-4EF9-9F9C-669C945F0D99}.Debug|iPhone.ActiveCfg = Debug|Any CPU
		{B9E21BA4-821B-4EF9-9F9C-669C945F0D99}.Debug|iPhone.Build.0 = Debug|Any CPU
		{B9E21BA4-821B-4EF9-9F9C-669C945F0D99}.Debug|iPhoneSimulator.ActiveCfg = Debug|Any CPU
		{B9E21BA4-821B-4EF9-9F9C-669C945F0D99}.Debug|iPhoneSimulator.Build.0 = Debug|Any CPU
		{B9E21BA4-821B-4EF9-9F9C-669C945F0D99}.Debug|x64.ActiveCfg = Debug|Any CPU
		{B9E21BA4-821B-4EF9-9F9C-669C945F0D99}.Debug|x64.Build.0 = Debug|Any CPU
		{B9E21BA4-821B-4EF9-9F9C-669C945F0D99}.Debug|x86.ActiveCfg = Debug|Any CPU
		{B9E21BA4-821B-4EF9-9F9C-669C945F0D99}.Debug|x86.Build.0 = Debug|Any CPU
		{B9E21BA4-821B-4EF9-9F9C-669C945F0D99}.Release|Any CPU.ActiveCfg = Release|Any CPU
		{B9E21BA4-821B-4EF9-9F9C-669C945F0D99}.Release|Any CPU.Build.0 = Release|Any CPU
		{B9E21BA4-821B-4EF9-9F9C-669C945F0D99}.Release|ARM.ActiveCfg = Release|Any CPU
		{B9E21BA4-821B-4EF9-9F9C-669C945F0D99}.Release|ARM.Build.0 = Release|Any CPU
		{B9E21BA4-821B-4EF9-9F9C-669C945F0D99}.Release|ARM64.ActiveCfg = Release|Any CPU
		{B9E21BA4-821B-4EF9-9F9C-669C945F0D99}.Release|ARM64.Build.0 = Release|Any CPU
		{B9E21BA4-821B-4EF9-9F9C-669C945F0D99}.Release|iPhone.ActiveCfg = Release|Any CPU
		{B9E21BA4-821B-4EF9-9F9C-669C945F0D99}.Release|iPhone.Build.0 = Release|Any CPU
		{B9E21BA4-821B-4EF9-9F9C-669C945F0D99}.Release|iPhoneSimulator.ActiveCfg = Release|Any CPU
		{B9E21BA4-821B-4EF9-9F9C-669C945F0D99}.Release|iPhoneSimulator.Build.0 = Release|Any CPU
		{B9E21BA4-821B-4EF9-9F9C-669C945F0D99}.Release|x64.ActiveCfg = Release|Any CPU
		{B9E21BA4-821B-4EF9-9F9C-669C945F0D99}.Release|x64.Build.0 = Release|Any CPU
		{B9E21BA4-821B-4EF9-9F9C-669C945F0D99}.Release|x86.ActiveCfg = Release|Any CPU
		{B9E21BA4-821B-4EF9-9F9C-669C945F0D99}.Release|x86.Build.0 = Release|Any CPU
		{A85841E0-023F-4F08-8898-BEDE390A88DF}.Debug|Any CPU.ActiveCfg = Debug|x86
		{A85841E0-023F-4F08-8898-BEDE390A88DF}.Debug|ARM.ActiveCfg = Debug|ARM
		{A85841E0-023F-4F08-8898-BEDE390A88DF}.Debug|ARM.Build.0 = Debug|ARM
		{A85841E0-023F-4F08-8898-BEDE390A88DF}.Debug|ARM.Deploy.0 = Debug|ARM
		{A85841E0-023F-4F08-8898-BEDE390A88DF}.Debug|ARM64.ActiveCfg = Debug|ARM64
		{A85841E0-023F-4F08-8898-BEDE390A88DF}.Debug|ARM64.Build.0 = Debug|ARM64
		{A85841E0-023F-4F08-8898-BEDE390A88DF}.Debug|ARM64.Deploy.0 = Debug|ARM64
		{A85841E0-023F-4F08-8898-BEDE390A88DF}.Debug|iPhone.ActiveCfg = Debug|x86
		{A85841E0-023F-4F08-8898-BEDE390A88DF}.Debug|iPhoneSimulator.ActiveCfg = Debug|x86
		{A85841E0-023F-4F08-8898-BEDE390A88DF}.Debug|x64.ActiveCfg = Debug|x64
		{A85841E0-023F-4F08-8898-BEDE390A88DF}.Debug|x64.Build.0 = Debug|x64
		{A85841E0-023F-4F08-8898-BEDE390A88DF}.Debug|x64.Deploy.0 = Debug|x64
		{A85841E0-023F-4F08-8898-BEDE390A88DF}.Debug|x86.ActiveCfg = Debug|x86
		{A85841E0-023F-4F08-8898-BEDE390A88DF}.Debug|x86.Build.0 = Debug|x86
		{A85841E0-023F-4F08-8898-BEDE390A88DF}.Debug|x86.Deploy.0 = Debug|x86
		{A85841E0-023F-4F08-8898-BEDE390A88DF}.Release|Any CPU.ActiveCfg = Release|x86
		{A85841E0-023F-4F08-8898-BEDE390A88DF}.Release|ARM.ActiveCfg = Release|ARM
		{A85841E0-023F-4F08-8898-BEDE390A88DF}.Release|ARM.Build.0 = Release|ARM
		{A85841E0-023F-4F08-8898-BEDE390A88DF}.Release|ARM.Deploy.0 = Release|ARM
		{A85841E0-023F-4F08-8898-BEDE390A88DF}.Release|ARM64.ActiveCfg = Release|ARM64
		{A85841E0-023F-4F08-8898-BEDE390A88DF}.Release|ARM64.Build.0 = Release|ARM64
		{A85841E0-023F-4F08-8898-BEDE390A88DF}.Release|ARM64.Deploy.0 = Release|ARM64
		{A85841E0-023F-4F08-8898-BEDE390A88DF}.Release|iPhone.ActiveCfg = Release|x86
		{A85841E0-023F-4F08-8898-BEDE390A88DF}.Release|iPhoneSimulator.ActiveCfg = Release|x86
		{A85841E0-023F-4F08-8898-BEDE390A88DF}.Release|x64.ActiveCfg = Release|x64
		{A85841E0-023F-4F08-8898-BEDE390A88DF}.Release|x64.Build.0 = Release|x64
		{A85841E0-023F-4F08-8898-BEDE390A88DF}.Release|x64.Deploy.0 = Release|x64
		{A85841E0-023F-4F08-8898-BEDE390A88DF}.Release|x86.ActiveCfg = Release|x86
		{A85841E0-023F-4F08-8898-BEDE390A88DF}.Release|x86.Build.0 = Release|x86
		{A85841E0-023F-4F08-8898-BEDE390A88DF}.Release|x86.Deploy.0 = Release|x86
	EndGlobalSection
	GlobalSection(SolutionProperties) = preSolution
		HideSolutionNode = FALSE
	EndGlobalSection
	GlobalSection(ExtensibilityGlobals) = postSolution
		SolutionGuid = {A19ED255-052D-459D-8D01-81799FAEBE96}
	EndGlobalSection
EndGlobal
